
Microsoft Visual Studio Solution File, Format Version 12.00
# Visual Studio Version 16
VisualStudioVersion = 16.0.29424.173
MinimumVisualStudioVersion = 10.0.40219.1
Project("{FAE04EC0-301F-11D3-BF4B-00C04F79EFBC}") = "CrossCutting.Identity.Jwt", "CrossCutting.Identity.Jwt\CrossCutting.Identity.Jwt.csproj", "{ADC59158-B757-47EB-A394-CC83FE015DC0}"
EndProject
Global
	GlobalSection(SolutionConfigurationPlatforms) = preSolution
		Debug|Any CPU = Debug|Any CPU
		Release|Any CPU = Release|Any CPU
	EndGlobalSection
	GlobalSection(ProjectConfigurationPlatforms) = postSolution
		{ADC59158-B757-47EB-A394-CC83FE015DC0}.Debug|Any CPU.ActiveCfg = Debug|Any CPU
		{ADC59158-B757-47EB-A394-CC83FE015DC0}.Debug|Any CPU.Build.0 = Debug|Any CPU
		{ADC59158-B757-47EB-A394-CC83FE015DC0}.Release|Any CPU.ActiveCfg = Release|Any CPU
		{ADC59158-B757-47EB-A394-CC83FE015DC0}.Release|Any CPU.Build.0 = Release|Any CPU
	EndGlobalSection
	GlobalSection(SolutionProperties) = preSolution
		HideSolutionNode = FALSE
	EndGlobalSection
	GlobalSection(ExtensibilityGlobals) = postSolution
		SolutionGuid = {EB0B87D9-1331-412B-8EA4-7967F342D5A8}
	EndGlobalSection
EndGlobal
